
Microsoft Visual Studio Solution File, Format Version 12.00
# Visual Studio Version 17
VisualStudioVersion = 17.9.34607.119
MinimumVisualStudioVersion = 10.0.40219.1
Project("{8BC9CEB8-8B4A-11D0-8D11-00A0C91BC942}") = "Pemrogramandasar1", "Pemrogramandasar1\Pemrogramandasar1.vcxproj", "{6B685B61-6393-4CD7-B13A-F8BFC2D9BA97}"
EndProject
Global
	GlobalSection(SolutionConfigurationPlatforms) = preSolution
		Debug|x64 = Debug|x64
		Debug|x86 = Debug|x86
		Release|x64 = Release|x64
		Release|x86 = Release|x86
	EndGlobalSection
	GlobalSection(ProjectConfigurationPlatforms) = postSolution
		{6B685B61-6393-4CD7-B13A-F8BFC2D9BA97}.Debug|x64.ActiveCfg = Debug|x64
		{6B685B61-6393-4CD7-B13A-F8BFC2D9BA97}.Debug|x64.Build.0 = Debug|x64
		{6B685B61-6393-4CD7-B13A-F8BFC2D9BA97}.Debug|x86.ActiveCfg = Debug|Win32
		{6B685B61-6393-4CD7-B13A-F8BFC2D9BA97}.Debug|x86.Build.0 = Debug|Win32
		{6B685B61-6393-4CD7-B13A-F8BFC2D9BA97}.Release|x64.ActiveCfg = Release|x64
		{6B685B61-6393-4CD7-B13A-F8BFC2D9BA97}.Release|x64.Build.0 = Release|x64
		{6B685B61-6393-4CD7-B13A-F8BFC2D9BA97}.Release|x86.ActiveCfg = Release|Win32
		{6B685B61-6393-4CD7-B13A-F8BFC2D9BA97}.Release|x86.Build.0 = Release|Win32
	EndGlobalSection
	GlobalSection(SolutionProperties) = preSolution
		HideSolutionNode = FALSE
	EndGlobalSection
	GlobalSection(ExtensibilityGlobals) = postSolution
		SolutionGuid = {98007ECC-F9A2-4D3F-B3EA-306A7183F04A}
	EndGlobalSection
EndGlobal
